
Microsoft Visual Studio Solution File, Format Version 12.00
# Visual Studio 14
VisualStudioVersion = 14.0.25123.0
MinimumVisualStudioVersion = 10.0.40219.1
Project("{2150E333-8FDC-42A3-9474-1A3956D46DE8}") = "Solution Items", "Solution Items", "{FB6FB7EB-57F6-4D57-9322-6FB113FB0C88}"
	ProjectSection(SolutionItems) = preProject
		global.json = global.json
		README.md = README.md
	EndProjectSection
EndProject
Project("{2150E333-8FDC-42A3-9474-1A3956D46DE8}") = "src", "src", "{CC32BEB3-C697-4973-93A1-46F38F4D26E4}"
EndProject
Project("{2150E333-8FDC-42A3-9474-1A3956D46DE8}") = "tests", "tests", "{2A05E065-32CC-4B82-8162-AB72B9CFD3B2}"
EndProject
Project("{2150E333-8FDC-42A3-9474-1A3956D46DE8}") = "samples", "samples", "{7409CB61-BF7E-4E54-9CEE-15551DDF3EC6}"
EndProject
Project("{FAE04EC0-301F-11D3-BF4B-00C04F79EFBC}") = "TerminalServer.CliServer", "samples\TerminalServer\TerminalServer.CliServer\TerminalServer.CliServer.csproj", "{A65FE92A-29C0-4F73-8870-E1A008D92BAD}"
EndProject
Project("{FAE04EC0-301F-11D3-BF4B-00C04F79EFBC}") = "WebSocketEventListenerSample", "samples\WebSocketEventListener\WebSocketEventListenerSample.csproj", "{48051799-D0AB-45AF-ABAD-432949BDDE08}"
EndProject
Project("{FAE04EC0-301F-11D3-BF4B-00C04F79EFBC}") = "RxWebsocketChatServer", "samples\RxWebSocketChat\RxWebSocketChatServer\RxWebsocketChatServer.csproj", "{D28A87C6-3ED0-43B8-9A66-0AE814D72D38}"
EndProject
Project("{FAE04EC0-301F-11D3-BF4B-00C04F79EFBC}") = "vtortola.WebSockets", "vtortola.WebSockets\vtortola.WebSockets.csproj", "{1BD8E3C1-EF7D-4D58-89E2-33E5EC7C9406}"
EndProject
Project("{FAE04EC0-301F-11D3-BF4B-00C04F79EFBC}") = "vtortola.WebSockets.Deflate", "vtortola.WebSockets.Deflate\vtortola.WebSockets.Deflate.csproj", "{3BFDAE73-A6A9-40B9-9026-84DD005BBAC9}"
EndProject
Project("{FAE04EC0-301F-11D3-BF4B-00C04F79EFBC}") = "vtortola.WebSockets.Rfc6455", "vtortola.WebSockets.Rfc6455\vtortola.WebSockets.Rfc6455.csproj", "{72114F0D-EC56-43D5-8C13-43FB013C0C1D}"
EndProject
Project("{8BB2217D-0F2D-49D1-97BC-3654ED321F3B}") = "vtortola.WebSocketListener", "src\vtortola.WebSocketListener\vtortola.WebSocketListener.xproj", "{D1B43189-1B49-4351-80F4-E18DF4DDA944}"
EndProject
Project("{FAE04EC0-301F-11D3-BF4B-00C04F79EFBC}") = "WebSocketListenerTests.UnitTests", "tests\WebSocketListener.UnitTests\WebSocketListenerTests.UnitTests.csproj", "{760B2894-2A33-4DA7-AD94-101A41015172}"
EndProject
Project("{FAE04EC0-301F-11D3-BF4B-00C04F79EFBC}") = "EchoServer", "samples\EchoServer\EchoServer.csproj", "{9586718A-CBF0-4E42-9FAC-81C09B59DF47}"
EndProject
Project("{FAE04EC0-301F-11D3-BF4B-00C04F79EFBC}") = "MonoEchoServer", "samples\MonoEchoServer\MonoEchoServer\MonoEchoServer.csproj", "{A1D77B7F-3CFB-406F-9F54-DE77E6995C5D}"
EndProject
Global
	GlobalSection(SolutionConfigurationPlatforms) = preSolution
		Debug|Any CPU = Debug|Any CPU
		Debug|x86 = Debug|x86
		Release|Any CPU = Release|Any CPU
		Release|x86 = Release|x86
	EndGlobalSection
	GlobalSection(ProjectConfigurationPlatforms) = postSolution
		{A65FE92A-29C0-4F73-8870-E1A008D92BAD}.Debug|Any CPU.ActiveCfg = Debug|Any CPU
		{A65FE92A-29C0-4F73-8870-E1A008D92BAD}.Debug|Any CPU.Build.0 = Debug|Any CPU
		{A65FE92A-29C0-4F73-8870-E1A008D92BAD}.Debug|x86.ActiveCfg = Debug|Any CPU
		{A65FE92A-29C0-4F73-8870-E1A008D92BAD}.Debug|x86.Build.0 = Debug|Any CPU
		{A65FE92A-29C0-4F73-8870-E1A008D92BAD}.Release|Any CPU.ActiveCfg = Release|Any CPU
		{A65FE92A-29C0-4F73-8870-E1A008D92BAD}.Release|Any CPU.Build.0 = Release|Any CPU
		{A65FE92A-29C0-4F73-8870-E1A008D92BAD}.Release|x86.ActiveCfg = Release|Any CPU
		{A65FE92A-29C0-4F73-8870-E1A008D92BAD}.Release|x86.Build.0 = Release|Any CPU
		{48051799-D0AB-45AF-ABAD-432949BDDE08}.Debug|Any CPU.ActiveCfg = Debug|Any CPU
		{48051799-D0AB-45AF-ABAD-432949BDDE08}.Debug|Any CPU.Build.0 = Debug|Any CPU
		{48051799-D0AB-45AF-ABAD-432949BDDE08}.Debug|x86.ActiveCfg = Debug|Any CPU
		{48051799-D0AB-45AF-ABAD-432949BDDE08}.Debug|x86.Build.0 = Debug|Any CPU
		{48051799-D0AB-45AF-ABAD-432949BDDE08}.Release|Any CPU.ActiveCfg = Release|Any CPU
		{48051799-D0AB-45AF-ABAD-432949BDDE08}.Release|Any CPU.Build.0 = Release|Any CPU
		{48051799-D0AB-45AF-ABAD-432949BDDE08}.Release|x86.ActiveCfg = Release|Any CPU
		{48051799-D0AB-45AF-ABAD-432949BDDE08}.Release|x86.Build.0 = Release|Any CPU
		{D28A87C6-3ED0-43B8-9A66-0AE814D72D38}.Debug|Any CPU.ActiveCfg = Debug|Any CPU
		{D28A87C6-3ED0-43B8-9A66-0AE814D72D38}.Debug|Any CPU.Build.0 = Debug|Any CPU
		{D28A87C6-3ED0-43B8-9A66-0AE814D72D38}.Debug|x86.ActiveCfg = Debug|Any CPU
		{D28A87C6-3ED0-43B8-9A66-0AE814D72D38}.Debug|x86.Build.0 = Debug|Any CPU
		{D28A87C6-3ED0-43B8-9A66-0AE814D72D38}.Release|Any CPU.ActiveCfg = Release|Any CPU
		{D28A87C6-3ED0-43B8-9A66-0AE814D72D38}.Release|Any CPU.Build.0 = Release|Any CPU
		{D28A87C6-3ED0-43B8-9A66-0AE814D72D38}.Release|x86.ActiveCfg = Release|Any CPU
		{D28A87C6-3ED0-43B8-9A66-0AE814D72D38}.Release|x86.Build.0 = Release|Any CPU
		{1BD8E3C1-EF7D-4D58-89E2-33E5EC7C9406}.Debug|Any CPU.ActiveCfg = Debug|Any CPU
		{1BD8E3C1-EF7D-4D58-89E2-33E5EC7C9406}.Debug|Any CPU.Build.0 = Debug|Any CPU
		{1BD8E3C1-EF7D-4D58-89E2-33E5EC7C9406}.Debug|x86.ActiveCfg = Debug|Any CPU
		{1BD8E3C1-EF7D-4D58-89E2-33E5EC7C9406}.Debug|x86.Build.0 = Debug|Any CPU
		{1BD8E3C1-EF7D-4D58-89E2-33E5EC7C9406}.Release|Any CPU.ActiveCfg = Release|Any CPU
		{1BD8E3C1-EF7D-4D58-89E2-33E5EC7C9406}.Release|Any CPU.Build.0 = Release|Any CPU
		{1BD8E3C1-EF7D-4D58-89E2-33E5EC7C9406}.Release|x86.ActiveCfg = Release|Any CPU
		{1BD8E3C1-EF7D-4D58-89E2-33E5EC7C9406}.Release|x86.Build.0 = Release|Any CPU
		{3BFDAE73-A6A9-40B9-9026-84DD005BBAC9}.Debug|Any CPU.ActiveCfg = Debug|Any CPU
		{3BFDAE73-A6A9-40B9-9026-84DD005BBAC9}.Debug|Any CPU.Build.0 = Debug|Any CPU
		{3BFDAE73-A6A9-40B9-9026-84DD005BBAC9}.Debug|x86.ActiveCfg = Debug|Any CPU
		{3BFDAE73-A6A9-40B9-9026-84DD005BBAC9}.Debug|x86.Build.0 = Debug|Any CPU
		{3BFDAE73-A6A9-40B9-9026-84DD005BBAC9}.Release|Any CPU.ActiveCfg = Release|Any CPU
		{3BFDAE73-A6A9-40B9-9026-84DD005BBAC9}.Release|Any CPU.Build.0 = Release|Any CPU
		{3BFDAE73-A6A9-40B9-9026-84DD005BBAC9}.Release|x86.ActiveCfg = Release|Any CPU
		{3BFDAE73-A6A9-40B9-9026-84DD005BBAC9}.Release|x86.Build.0 = Release|Any CPU
		{72114F0D-EC56-43D5-8C13-43FB013C0C1D}.Debug|Any CPU.ActiveCfg = Debug|Any CPU
		{72114F0D-EC56-43D5-8C13-43FB013C0C1D}.Debug|Any CPU.Build.0 = Debug|Any CPU
		{72114F0D-EC56-43D5-8C13-43FB013C0C1D}.Debug|x86.ActiveCfg = Debug|Any CPU
		{72114F0D-EC56-43D5-8C13-43FB013C0C1D}.Debug|x86.Build.0 = Debug|Any CPU
		{72114F0D-EC56-43D5-8C13-43FB013C0C1D}.Release|Any CPU.ActiveCfg = Release|Any CPU
		{72114F0D-EC56-43D5-8C13-43FB013C0C1D}.Release|Any CPU.Build.0 = Release|Any CPU
		{72114F0D-EC56-43D5-8C13-43FB013C0C1D}.Release|x86.ActiveCfg = Release|Any CPU
		{72114F0D-EC56-43D5-8C13-43FB013C0C1D}.Release|x86.Build.0 = Release|Any CPU
		{D1B43189-1B49-4351-80F4-E18DF4DDA944}.Debug|Any CPU.ActiveCfg = Debug|Any CPU
		{D1B43189-1B49-4351-80F4-E18DF4DDA944}.Debug|Any CPU.Build.0 = Debug|Any CPU
		{D1B43189-1B49-4351-80F4-E18DF4DDA944}.Debug|x86.ActiveCfg = Debug|Any CPU
		{D1B43189-1B49-4351-80F4-E18DF4DDA944}.Debug|x86.Build.0 = Debug|Any CPU
		{D1B43189-1B49-4351-80F4-E18DF4DDA944}.Release|Any CPU.ActiveCfg = Release|Any CPU
		{D1B43189-1B49-4351-80F4-E18DF4DDA944}.Release|Any CPU.Build.0 = Release|Any CPU
		{D1B43189-1B49-4351-80F4-E18DF4DDA944}.Release|x86.ActiveCfg = Release|Any CPU
		{D1B43189-1B49-4351-80F4-E18DF4DDA944}.Release|x86.Build.0 = Release|Any CPU
		{760B2894-2A33-4DA7-AD94-101A41015172}.Debug|Any CPU.ActiveCfg = Debug|Any CPU
		{760B2894-2A33-4DA7-AD94-101A41015172}.Debug|Any CPU.Build.0 = Debug|Any CPU
		{760B2894-2A33-4DA7-AD94-101A41015172}.Debug|x86.ActiveCfg = Debug|Any CPU
		{760B2894-2A33-4DA7-AD94-101A41015172}.Debug|x86.Build.0 = Debug|Any CPU
		{760B2894-2A33-4DA7-AD94-101A41015172}.Release|Any CPU.ActiveCfg = Release|Any CPU
		{760B2894-2A33-4DA7-AD94-101A41015172}.Release|Any CPU.Build.0 = Release|Any CPU
		{760B2894-2A33-4DA7-AD94-101A41015172}.Release|x86.ActiveCfg = Release|Any CPU
		{760B2894-2A33-4DA7-AD94-101A41015172}.Release|x86.Build.0 = Release|Any CPU
		{9586718A-CBF0-4E42-9FAC-81C09B59DF47}.Debug|Any CPU.ActiveCfg = Debug|Any CPU
		{9586718A-CBF0-4E42-9FAC-81C09B59DF47}.Debug|Any CPU.Build.0 = Debug|Any CPU
		{9586718A-CBF0-4E42-9FAC-81C09B59DF47}.Debug|x86.ActiveCfg = Debug|Any CPU
		{9586718A-CBF0-4E42-9FAC-81C09B59DF47}.Debug|x86.Build.0 = Debug|Any CPU
		{9586718A-CBF0-4E42-9FAC-81C09B59DF47}.Release|Any CPU.ActiveCfg = Release|Any CPU
		{9586718A-CBF0-4E42-9FAC-81C09B59DF47}.Release|Any CPU.Build.0 = Release|Any CPU
		{9586718A-CBF0-4E42-9FAC-81C09B59DF47}.Release|x86.ActiveCfg = Release|Any CPU
		{9586718A-CBF0-4E42-9FAC-81C09B59DF47}.Release|x86.Build.0 = Release|Any CPU
		{A1D77B7F-3CFB-406F-9F54-DE77E6995C5D}.Debug|Any CPU.ActiveCfg = Debug|x86
		{A1D77B7F-3CFB-406F-9F54-DE77E6995C5D}.Debug|x86.ActiveCfg = Debug|x86
		{A1D77B7F-3CFB-406F-9F54-DE77E6995C5D}.Debug|x86.Build.0 = Debug|x86
		{A1D77B7F-3CFB-406F-9F54-DE77E6995C5D}.Release|Any CPU.ActiveCfg = Release|x86
		{A1D77B7F-3CFB-406F-9F54-DE77E6995C5D}.Release|x86.ActiveCfg = Release|x86
		{A1D77B7F-3CFB-406F-9F54-DE77E6995C5D}.Release|x86.Build.0 = Release|x86
	EndGlobalSection
	GlobalSection(SolutionProperties) = preSolution
		HideSolutionNode = FALSE
	EndGlobalSection
	GlobalSection(NestedProjects) = preSolution
		{A65FE92A-29C0-4F73-8870-E1A008D92BAD} = {7409CB61-BF7E-4E54-9CEE-15551DDF3EC6}
		{48051799-D0AB-45AF-ABAD-432949BDDE08} = {7409CB61-BF7E-4E54-9CEE-15551DDF3EC6}
		{D28A87C6-3ED0-43B8-9A66-0AE814D72D38} = {7409CB61-BF7E-4E54-9CEE-15551DDF3EC6}
		{1BD8E3C1-EF7D-4D58-89E2-33E5EC7C9406} = {CC32BEB3-C697-4973-93A1-46F38F4D26E4}
		{3BFDAE73-A6A9-40B9-9026-84DD005BBAC9} = {CC32BEB3-C697-4973-93A1-46F38F4D26E4}
		{72114F0D-EC56-43D5-8C13-43FB013C0C1D} = {CC32BEB3-C697-4973-93A1-46F38F4D26E4}
		{D1B43189-1B49-4351-80F4-E18DF4DDA944} = {CC32BEB3-C697-4973-93A1-46F38F4D26E4}
		{760B2894-2A33-4DA7-AD94-101A41015172} = {2A05E065-32CC-4B82-8162-AB72B9CFD3B2}
		{9586718A-CBF0-4E42-9FAC-81C09B59DF47} = {7409CB61-BF7E-4E54-9CEE-15551DDF3EC6}
		{A1D77B7F-3CFB-406F-9F54-DE77E6995C5D} = {7409CB61-BF7E-4E54-9CEE-15551DDF3EC6}
	EndGlobalSection
EndGlobal
