
Microsoft Visual Studio Solution File, Format Version 12.00
# Visual Studio 2013
VisualStudioVersion = 12.0.21005.1
MinimumVisualStudioVersion = 10.0.40219.1
Project("{FAE04EC0-301F-11D3-BF4B-00C04F79EFBC}") = "vtortola.WebSocketListener", "vtortola.WebSocketListener\vtortola.WebSocketListener.csproj", "{1BD8E3C1-EF7D-4D58-89E2-33E5EC7C9406}"
EndProject
Project("{FAE04EC0-301F-11D3-BF4B-00C04F79EFBC}") = "WebSocketListener.TestConsoleHost", "WebSocketListener.TestConsoleHost\WebSocketListener.TestConsoleHost.csproj", "{BDAA61C6-4FA6-420E-8D8F-963B40EB1C60}"
EndProject
Project("{FAE04EC0-301F-11D3-BF4B-00C04F79EFBC}") = "TestWebSocketListener.Web", "TestWebSocketListener.Web\TestWebSocketListener.Web.csproj", "{6964319A-3F06-4FE4-957B-C7548ADCE3E1}"
EndProject
Global
	GlobalSection(SolutionConfigurationPlatforms) = preSolution
		Debug|Any CPU = Debug|Any CPU
		Release|Any CPU = Release|Any CPU
	EndGlobalSection
	GlobalSection(ProjectConfigurationPlatforms) = postSolution
		{1BD8E3C1-EF7D-4D58-89E2-33E5EC7C9406}.Debug|Any CPU.ActiveCfg = Debug|Any CPU
		{1BD8E3C1-EF7D-4D58-89E2-33E5EC7C9406}.Debug|Any CPU.Build.0 = Debug|Any CPU
		{1BD8E3C1-EF7D-4D58-89E2-33E5EC7C9406}.Release|Any CPU.ActiveCfg = Release|Any CPU
		{1BD8E3C1-EF7D-4D58-89E2-33E5EC7C9406}.Release|Any CPU.Build.0 = Release|Any CPU
		{BDAA61C6-4FA6-420E-8D8F-963B40EB1C60}.Debug|Any CPU.ActiveCfg = Debug|Any CPU
		{BDAA61C6-4FA6-420E-8D8F-963B40EB1C60}.Debug|Any CPU.Build.0 = Debug|Any CPU
		{BDAA61C6-4FA6-420E-8D8F-963B40EB1C60}.Release|Any CPU.ActiveCfg = Release|Any CPU
		{BDAA61C6-4FA6-420E-8D8F-963B40EB1C60}.Release|Any CPU.Build.0 = Release|Any CPU
		{6964319A-3F06-4FE4-957B-C7548ADCE3E1}.Debug|Any CPU.ActiveCfg = Debug|Any CPU
		{6964319A-3F06-4FE4-957B-C7548ADCE3E1}.Debug|Any CPU.Build.0 = Debug|Any CPU
		{6964319A-3F06-4FE4-957B-C7548ADCE3E1}.Release|Any CPU.ActiveCfg = Release|Any CPU
		{6964319A-3F06-4FE4-957B-C7548ADCE3E1}.Release|Any CPU.Build.0 = Release|Any CPU
	EndGlobalSection
	GlobalSection(SolutionProperties) = preSolution
		HideSolutionNode = FALSE
	EndGlobalSection
EndGlobal
