
Microsoft Visual Studio Solution File, Format Version 12.00
# Visual Studio 14
VisualStudioVersion = 14.0.25123.0
MinimumVisualStudioVersion = 10.0.40219.1
Project("{2150E333-8FDC-42A3-9474-1A3956D46DE8}") = "Solution Items", "Solution Items", "{FB6FB7EB-57F6-4D57-9322-6FB113FB0C88}"
	ProjectSection(SolutionItems) = preProject
		global.json = global.json
		README.md = README.md
	EndProjectSection
EndProject
Project("{2150E333-8FDC-42A3-9474-1A3956D46DE8}") = "src", "src", "{CC32BEB3-C697-4973-93A1-46F38F4D26E4}"
EndProject
Project("{2150E333-8FDC-42A3-9474-1A3956D46DE8}") = "tests", "tests", "{2A05E065-32CC-4B82-8162-AB72B9CFD3B2}"
EndProject
Project("{8BB2217D-0F2D-49D1-97BC-3654ED321F3B}") = "vtortola.Core.WebSockets", "src\vtortola.Core.WebSockets\vtortola.Core.WebSockets.xproj", "{9E685A09-4A25-4C99-A4A1-2F277132FA99}"
EndProject
Project("{8BB2217D-0F2D-49D1-97BC-3654ED321F3B}") = "vtortola.Core.WebSockets.Deflate", "src\vtortola.Core.WebSockets.Deflate\vtortola.Core.WebSockets.Deflate.xproj", "{6E655279-2110-463D-A4B7-D5810FC8EB46}"
EndProject
Project("{8BB2217D-0F2D-49D1-97BC-3654ED321F3B}") = "vtortola.Core.WebSockets.Rfc6455", "src\vtortola.Core.WebSockets.Rfc6455\vtortola.Core.WebSockets.Rfc6455.xproj", "{96532B25-DC47-46B2-87E4-FAD44568F958}"
EndProject
Project("{8BB2217D-0F2D-49D1-97BC-3654ED321F3B}") = "vtortola.Core.WebSocketListener", "src\vtortola.Core.WebSocketListener\vtortola.Core.WebSocketListener.xproj", "{A700B041-FCAB-4753-90D2-FE001231439E}"
EndProject
Project("{8BB2217D-0F2D-49D1-97BC-3654ED321F3B}") = "WebSockets.Tests", "tests\WebSockets.Tests\WebSockets.Tests.xproj", "{E1558EBE-1C89-45C2-A397-D3A99F795405}"
EndProject
Project("{8BB2217D-0F2D-49D1-97BC-3654ED321F3B}") = "WebSocketTestServer", "tests\WebSocketTestServer\WebSocketTestServer.xproj", "{57CD0BA2-9B7F-4B0B-9540-A37D70D8D59F}"
EndProject
Project("{2150E333-8FDC-42A3-9474-1A3956D46DE8}") = "samples", "samples", "{7409CB61-BF7E-4E54-9CEE-15551DDF3EC6}"
EndProject
Project("{FAE04EC0-301F-11D3-BF4B-00C04F79EFBC}") = "TerminalServer.CliServer", "samples\TerminalServer\TerminalServer.CliServer\TerminalServer.CliServer.csproj", "{A65FE92A-29C0-4F73-8870-E1A008D92BAD}"
	ProjectSection(ProjectDependencies) = postProject
		{A700B041-FCAB-4753-90D2-FE001231439E} = {A700B041-FCAB-4753-90D2-FE001231439E}
	EndProjectSection
EndProject
Global
	GlobalSection(SolutionConfigurationPlatforms) = preSolution
		Debug|Any CPU = Debug|Any CPU
		Release|Any CPU = Release|Any CPU
	EndGlobalSection
	GlobalSection(ProjectConfigurationPlatforms) = postSolution
		{9E685A09-4A25-4C99-A4A1-2F277132FA99}.Debug|Any CPU.ActiveCfg = Debug|Any CPU
		{9E685A09-4A25-4C99-A4A1-2F277132FA99}.Debug|Any CPU.Build.0 = Debug|Any CPU
		{9E685A09-4A25-4C99-A4A1-2F277132FA99}.Release|Any CPU.ActiveCfg = Release|Any CPU
		{9E685A09-4A25-4C99-A4A1-2F277132FA99}.Release|Any CPU.Build.0 = Release|Any CPU
		{6E655279-2110-463D-A4B7-D5810FC8EB46}.Debug|Any CPU.ActiveCfg = Debug|Any CPU
		{6E655279-2110-463D-A4B7-D5810FC8EB46}.Debug|Any CPU.Build.0 = Debug|Any CPU
		{6E655279-2110-463D-A4B7-D5810FC8EB46}.Release|Any CPU.ActiveCfg = Release|Any CPU
		{6E655279-2110-463D-A4B7-D5810FC8EB46}.Release|Any CPU.Build.0 = Release|Any CPU
		{96532B25-DC47-46B2-87E4-FAD44568F958}.Debug|Any CPU.ActiveCfg = Debug|Any CPU
		{96532B25-DC47-46B2-87E4-FAD44568F958}.Debug|Any CPU.Build.0 = Debug|Any CPU
		{96532B25-DC47-46B2-87E4-FAD44568F958}.Release|Any CPU.ActiveCfg = Release|Any CPU
		{96532B25-DC47-46B2-87E4-FAD44568F958}.Release|Any CPU.Build.0 = Release|Any CPU
		{A700B041-FCAB-4753-90D2-FE001231439E}.Debug|Any CPU.ActiveCfg = Debug|Any CPU
		{A700B041-FCAB-4753-90D2-FE001231439E}.Debug|Any CPU.Build.0 = Debug|Any CPU
		{A700B041-FCAB-4753-90D2-FE001231439E}.Release|Any CPU.ActiveCfg = Release|Any CPU
		{A700B041-FCAB-4753-90D2-FE001231439E}.Release|Any CPU.Build.0 = Release|Any CPU
		{E1558EBE-1C89-45C2-A397-D3A99F795405}.Debug|Any CPU.ActiveCfg = Debug|Any CPU
		{E1558EBE-1C89-45C2-A397-D3A99F795405}.Debug|Any CPU.Build.0 = Debug|Any CPU
		{E1558EBE-1C89-45C2-A397-D3A99F795405}.Release|Any CPU.ActiveCfg = Release|Any CPU
		{E1558EBE-1C89-45C2-A397-D3A99F795405}.Release|Any CPU.Build.0 = Release|Any CPU
		{57CD0BA2-9B7F-4B0B-9540-A37D70D8D59F}.Debug|Any CPU.ActiveCfg = Debug|Any CPU
		{57CD0BA2-9B7F-4B0B-9540-A37D70D8D59F}.Debug|Any CPU.Build.0 = Debug|Any CPU
		{57CD0BA2-9B7F-4B0B-9540-A37D70D8D59F}.Release|Any CPU.ActiveCfg = Release|Any CPU
		{57CD0BA2-9B7F-4B0B-9540-A37D70D8D59F}.Release|Any CPU.Build.0 = Release|Any CPU
		{A65FE92A-29C0-4F73-8870-E1A008D92BAD}.Debug|Any CPU.ActiveCfg = Debug|Any CPU
		{A65FE92A-29C0-4F73-8870-E1A008D92BAD}.Debug|Any CPU.Build.0 = Debug|Any CPU
		{A65FE92A-29C0-4F73-8870-E1A008D92BAD}.Release|Any CPU.ActiveCfg = Release|Any CPU
		{A65FE92A-29C0-4F73-8870-E1A008D92BAD}.Release|Any CPU.Build.0 = Release|Any CPU
	EndGlobalSection
	GlobalSection(SolutionProperties) = preSolution
		HideSolutionNode = FALSE
	EndGlobalSection
	GlobalSection(NestedProjects) = preSolution
		{9E685A09-4A25-4C99-A4A1-2F277132FA99} = {CC32BEB3-C697-4973-93A1-46F38F4D26E4}
		{6E655279-2110-463D-A4B7-D5810FC8EB46} = {CC32BEB3-C697-4973-93A1-46F38F4D26E4}
		{96532B25-DC47-46B2-87E4-FAD44568F958} = {CC32BEB3-C697-4973-93A1-46F38F4D26E4}
		{A700B041-FCAB-4753-90D2-FE001231439E} = {CC32BEB3-C697-4973-93A1-46F38F4D26E4}
		{E1558EBE-1C89-45C2-A397-D3A99F795405} = {2A05E065-32CC-4B82-8162-AB72B9CFD3B2}
		{57CD0BA2-9B7F-4B0B-9540-A37D70D8D59F} = {2A05E065-32CC-4B82-8162-AB72B9CFD3B2}
		{A65FE92A-29C0-4F73-8870-E1A008D92BAD} = {7409CB61-BF7E-4E54-9CEE-15551DDF3EC6}
	EndGlobalSection
EndGlobal
